
Microsoft Visual Studio Solution File, Format Version 12.00
# Visual Studio Version 17
VisualStudioVersion = 17.14.37328.6
MinimumVisualStudioVersion = 10.0.40219.1
Project("{8BC9CEB8-8B4A-11D0-8D11-00A0C91BC942}") = "Client", "Client\Client.vcxproj", "{8AA3E234-D9BF-4BA0-97AA-D8100EA0E419}"
EndProject
Project("{8BC9CEB8-8B4A-11D0-8D11-00A0C91BC942}") = "Server", "Server\Server.vcxproj", "{BA7F37C2-6FBB-4071-96D4-A2D24E2BCBB8}"
EndProject
Project("{8BC9CEB8-8B4A-11D0-8D11-00A0C91BC942}") = "FormatLastError", "FormatLastError\FormatLastError.vcxproj", "{E4E831FB-0336-483F-8705-D0F377C9F7D7}"
EndProject
Global
	GlobalSection(SolutionConfigurationPlatforms) = preSolution
		Debug|x64 = Debug|x64
		Debug|x86 = Debug|x86
		Release|x64 = Release|x64
		Release|x86 = Release|x86
	EndGlobalSection
	GlobalSection(ProjectConfigurationPlatforms) = postSolution
		{8AA3E234-D9BF-4BA0-97AA-D8100EA0E419}.Debug|x64.ActiveCfg = Debug|x64
		{8AA3E234-D9BF-4BA0-97AA-D8100EA0E419}.Debug|x64.Build.0 = Debug|x64
		{8AA3E234-D9BF-4BA0-97AA-D8100EA0E419}.Debug|x86.ActiveCfg = Debug|Win32
		{8AA3E234-D9BF-4BA0-97AA-D8100EA0E419}.Debug|x86.Build.0 = Debug|Win32
		{8AA3E234-D9BF-4BA0-97AA-D8100EA0E419}.Release|x64.ActiveCfg = Release|x64
		{8AA3E234-D9BF-4BA0-97AA-D8100EA0E419}.Release|x64.Build.0 = Release|x64
		{8AA3E234-D9BF-4BA0-97AA-D8100EA0E419}.Release|x86.ActiveCfg = Release|Win32
		{8AA3E234-D9BF-4BA0-97AA-D8100EA0E419}.Release|x86.Build.0 = Release|Win32
		{BA7F37C2-6FBB-4071-96D4-A2D24E2BCBB8}.Debug|x64.ActiveCfg = Debug|x64
		{BA7F37C2-6FBB-4071-96D4-A2D24E2BCBB8}.Debug|x64.Build.0 = Debug|x64
		{BA7F37C2-6FBB-4071-96D4-A2D24E2BCBB8}.Debug|x86.ActiveCfg = Debug|Win32
		{BA7F37C2-6FBB-4071-96D4-A2D24E2BCBB8}.Debug|x86.Build.0 = Debug|Win32
		{BA7F37C2-6FBB-4071-96D4-A2D24E2BCBB8}.Release|x64.ActiveCfg = Release|x64
		{BA7F37C2-6FBB-4071-96D4-A2D24E2BCBB8}.Release|x64.Build.0 = Release|x64
		{BA7F37C2-6FBB-4071-96D4-A2D24E2BCBB8}.Release|x86.ActiveCfg = Release|Win32
		{BA7F37C2-6FBB-4071-96D4-A2D24E2BCBB8}.Release|x86.Build.0 = Release|Win32
		{E4E831FB-0336-483F-8705-D0F377C9F7D7}.Debug|x64.ActiveCfg = Debug|x64
		{E4E831FB-0336-483F-8705-D0F377C9F7D7}.Debug|x64.Build.0 = Debug|x64
		{E4E831FB-0336-483F-8705-D0F377C9F7D7}.Debug|x86.ActiveCfg = Debug|Win32
		{E4E831FB-0336-483F-8705-D0F377C9F7D7}.Debug|x86.Build.0 = Debug|Win32
		{E4E831FB-0336-483F-8705-D0F377C9F7D7}.Release|x64.ActiveCfg = Release|x64
		{E4E831FB-0336-483F-8705-D0F377C9F7D7}.Release|x64.Build.0 = Release|x64
		{E4E831FB-0336-483F-8705-D0F377C9F7D7}.Release|x86.ActiveCfg = Release|Win32
		{E4E831FB-0336-483F-8705-D0F377C9F7D7}.Release|x86.Build.0 = Release|Win32
	EndGlobalSection
	GlobalSection(SolutionProperties) = preSolution
		HideSolutionNode = FALSE
	EndGlobalSection
	GlobalSection(ExtensibilityGlobals) = postSolution
		SolutionGuid = {18330600-5064-4AD7-8603-DB289353116A}
	EndGlobalSection
EndGlobal
